
Microsoft Visual Studio Solution File, Format Version 12.00
# Visual Studio Version 16
VisualStudioVersion = 16.0.30204.135
MinimumVisualStudioVersion = 10.0.40219.1
Project("{FAE04EC0-301F-11D3-BF4B-00C04F79EFBC}") = "FoodPlanner", "FoodPlanner\FoodPlanner.csproj", "{784BB177-1275-41F8-97EA-C7E44DECA70B}"
EndProject
Global
	GlobalSection(SolutionConfigurationPlatforms) = preSolution
		Debug|Any CPU = Debug|Any CPU
		Release|Any CPU = Release|Any CPU
	EndGlobalSection
	GlobalSection(ProjectConfigurationPlatforms) = postSolution
		{784BB177-1275-41F8-97EA-C7E44DECA70B}.Debug|Any CPU.ActiveCfg = Debug|Any CPU
		{784BB177-1275-41F8-97EA-C7E44DECA70B}.Debug|Any CPU.Build.0 = Debug|Any CPU
		{784BB177-1275-41F8-97EA-C7E44DECA70B}.Release|Any CPU.ActiveCfg = Release|Any CPU
		{784BB177-1275-41F8-97EA-C7E44DECA70B}.Release|Any CPU.Build.0 = Release|Any CPU
	EndGlobalSection
	GlobalSection(SolutionProperties) = preSolution
		HideSolutionNode = FALSE
	EndGlobalSection
	GlobalSection(ExtensibilityGlobals) = postSolution
		SolutionGuid = {DD2615BD-918C-46CB-ACB2-0FFEF3411A05}
	EndGlobalSection
EndGlobal
